
Microsoft Visual Studio Solution File, Format Version 12.00
# Visual Studio Version 16
VisualStudioVersion = 16.0.31702.278
MinimumVisualStudioVersion = 10.0.40219.1
Project("{FAE04EC0-301F-11D3-BF4B-00C04F79EFBC}") = "Basketball API", "Basketball API.csproj", "{5BB5FEA5-8D18-4F98-AD38-2456687D6DCE}"
EndProject
Global
	GlobalSection(SolutionConfigurationPlatforms) = preSolution
		Debug|Any CPU = Debug|Any CPU
		Release|Any CPU = Release|Any CPU
	EndGlobalSection
	GlobalSection(ProjectConfigurationPlatforms) = postSolution
		{5BB5FEA5-8D18-4F98-AD38-2456687D6DCE}.Debug|Any CPU.ActiveCfg = Debug|Any CPU
		{5BB5FEA5-8D18-4F98-AD38-2456687D6DCE}.Debug|Any CPU.Build.0 = Debug|Any CPU
		{5BB5FEA5-8D18-4F98-AD38-2456687D6DCE}.Release|Any CPU.ActiveCfg = Release|Any CPU
		{5BB5FEA5-8D18-4F98-AD38-2456687D6DCE}.Release|Any CPU.Build.0 = Release|Any CPU
	EndGlobalSection
	GlobalSection(SolutionProperties) = preSolution
		HideSolutionNode = FALSE
	EndGlobalSection
	GlobalSection(ExtensibilityGlobals) = postSolution
		SolutionGuid = {76AF9D22-E86C-4AB9-8AE6-DEEEB49CB1D9}
	EndGlobalSection
EndGlobal
